// !$*UTF8*$!
{
	archiveVersion = 1;
	classes = {
	};
	objectVersion = 56;
	objects = {

/* Begin PBXBuildFile section */
		B7130C332D109D9C007BF8D6 /* Media.xcassets in Resources */ = {isa = PBXBuildFile; fileRef = B7130C322D109D9C007BF8D6 /* Media.xcassets */; };
		B7130C472D10A107007BF8D6 /* Nunito-ExtraLight.ttf in Resources */ = {isa = PBXBuildFile; fileRef = B7130C372D10A106007BF8D6 /* Nunito-ExtraLight.ttf */; };
		B7130C482D10A107007BF8D6 /* Nunito-Bold.ttf in Resources */ = {isa = PBXBuildFile; fileRef = B7130C382D10A106007BF8D6 /* Nunito-Bold.ttf */; };
		B7130C492D10A107007BF8D6 /* Nunito-ExtraBold.ttf in Resources */ = {isa = PBXBuildFile; fileRef = B7130C392D10A106007BF8D6 /* Nunito-ExtraBold.ttf */; };
		B7130C4A2D10A107007BF8D6 /* Nunito-MediumItalic.ttf in Resources */ = {isa = PBXBuildFile; fileRef = B7130C3A2D10A106007BF8D6 /* Nunito-MediumItalic.ttf */; };
		B7130C4B2D10A107007BF8D6 /* Nunito-BlackItalic.ttf in Resources */ = {isa = PBXBuildFile; fileRef = B7130C3B2D10A106007BF8D6 /* Nunito-BlackItalic.ttf */; };
		B7130C4C2D10A107007BF8D6 /* Nunito-ExtraBoldItalic.ttf in Resources */ = {isa = PBXBuildFile; fileRef = B7130C3C2D10A106007BF8D6 /* Nunito-ExtraBoldItalic.ttf */; };
		B7130C4D2D10A107007BF8D6 /* Nunito-Medium.ttf in Resources */ = {isa = PBXBuildFile; fileRef = B7130C3D2D10A106007BF8D6 /* Nunito-Medium.ttf */; };
		B7130C4E2D10A107007BF8D6 /* Nunito-SemiBold.ttf in Resources */ = {isa = PBXBuildFile; fileRef = B7130C3E2D10A106007BF8D6 /* Nunito-SemiBold.ttf */; };
		B7130C4F2D10A107007BF8D6 /* Nunito-Black.ttf in Resources */ = {isa = PBXBuildFile; fileRef = B7130C3F2D10A106007BF8D6 /* Nunito-Black.ttf */; };
		B7130C502D10A107007BF8D6 /* Nunito-Italic.ttf in Resources */ = {isa = PBXBuildFile; fileRef = B7130C402D10A107007BF8D6 /* Nunito-Italic.ttf */; };
		B7130C512D10A107007BF8D6 /* Nunito-ExtraLightItalic.ttf in Resources */ = {isa = PBXBuildFile; fileRef = B7130C412D10A107007BF8D6 /* Nunito-ExtraLightItalic.ttf */; };
		B7130C522D10A107007BF8D6 /* Nunito-SemiBoldItalic.ttf in Resources */ = {isa = PBXBuildFile; fileRef = B7130C422D10A107007BF8D6 /* Nunito-SemiBoldItalic.ttf */; };
		B7130C532D10A107007BF8D6 /* Nunito-LightItalic.ttf in Resources */ = {isa = PBXBuildFile; fileRef = B7130C432D10A107007BF8D6 /* Nunito-LightItalic.ttf */; };
		B7130C542D10A107007BF8D6 /* Nunito-Light.ttf in Resources */ = {isa = PBXBuildFile; fileRef = B7130C442D10A107007BF8D6 /* Nunito-Light.ttf */; };
		B7130C552D10A107007BF8D6 /* Nunito-Regular.ttf in Resources */ = {isa = PBXBuildFile; fileRef = B7130C452D10A107007BF8D6 /* Nunito-Regular.ttf */; };
		B7130C562D10A107007BF8D6 /* Nunito-BoldItalic.ttf in Resources */ = {isa = PBXBuildFile; fileRef = B7130C462D10A107007BF8D6 /* Nunito-BoldItalic.ttf */; };
		B7318E122CFB58310065AC82 /* LoginView.swift in Sources */ = {isa = PBXBuildFile; fileRef = B7318E112CFB58310065AC82 /* LoginView.swift */; };
		B7318E152CFB59530065AC82 /* Usuario.swift in Sources */ = {isa = PBXBuildFile; fileRef = B7318E142CFB59530065AC82 /* Usuario.swift */; };
		B7CC32682CFB6077003A0D31 /* RegisterView.swift in Sources */ = {isa = PBXBuildFile; fileRef = B7CC32672CFB6077003A0D31 /* RegisterView.swift */; };
		B7CC326B2CFB6139003A0D31 /* UsuarioManager.swift in Sources */ = {isa = PBXBuildFile; fileRef = B7CC326A2CFB6139003A0D31 /* UsuarioManager.swift */; };
		B7CC326D2CFB64E2003A0D31 /* HomeView.swift in Sources */ = {isa = PBXBuildFile; fileRef = B7CC326C2CFB64E2003A0D31 /* HomeView.swift */; };
		B7CC326F2CFB6CF7003A0D31 /* Note.swift in Sources */ = {isa = PBXBuildFile; fileRef = B7CC326E2CFB6CF7003A0D31 /* Note.swift */; };
		B7CC327B2CFB714F003A0D31 /* NoteDetailView.swift in Sources */ = {isa = PBXBuildFile; fileRef = B7CC327A2CFB714F003A0D31 /* NoteDetailView.swift */; };
		B7CC327D2CFB7165003A0D31 /* NoteListView.swift in Sources */ = {isa = PBXBuildFile; fileRef = B7CC327C2CFB7165003A0D31 /* NoteListView.swift */; };
		B7E629142CFB9EFF00886BE9 /* UpdatePassword.swift in Sources */ = {isa = PBXBuildFile; fileRef = B7E629132CFB9EFF00886BE9 /* UpdatePassword.swift */; };
		B7EA1C852CFB500100F1D4B3 /* SecurityVehicleApp.swift in Sources */ = {isa = PBXBuildFile; fileRef = B7EA1C842CFB500100F1D4B3 /* SecurityVehicleApp.swift */; };
		B7EA1C872CFB500100F1D4B3 /* ContentView.swift in Sources */ = {isa = PBXBuildFile; fileRef = B7EA1C862CFB500100F1D4B3 /* ContentView.swift */; };
		B7EA1C892CFB500200F1D4B3 /* Assets.xcassets in Resources */ = {isa = PBXBuildFile; fileRef = B7EA1C882CFB500200F1D4B3 /* Assets.xcassets */; };
		B7EA1C8C2CFB500200F1D4B3 /* Preview Assets.xcassets in Resources */ = {isa = PBXBuildFile; fileRef = B7EA1C8B2CFB500200F1D4B3 /* Preview Assets.xcassets */; };
		B7FBE4BA2CFF421A00F6D896 /* GoogleService-Info.plist in Resources */ = {isa = PBXBuildFile; fileRef = B7FBE4B92CFF421A00F6D896 /* GoogleService-Info.plist */; };
		B7FBE4BD2CFF446300F6D896 /* FirebaseAnalytics in Frameworks */ = {isa = PBXBuildFile; productRef = B7FBE4BC2CFF446300F6D896 /* FirebaseAnalytics */; };
		B7FBE4BF2CFF446300F6D896 /* FirebaseAnalyticsOnDeviceConversion in Frameworks */ = {isa = PBXBuildFile; productRef = B7FBE4BE2CFF446300F6D896 /* FirebaseAnalyticsOnDeviceConversion */; };
		B7FBE4C12CFF446300F6D896 /* FirebaseAnalyticsWithoutAdIdSupport in Frameworks */ = {isa = PBXBuildFile; productRef = B7FBE4C02CFF446300F6D896 /* FirebaseAnalyticsWithoutAdIdSupport */; };
		B7FBE4C32CFF446300F6D896 /* FirebaseAppCheck in Frameworks */ = {isa = PBXBuildFile; productRef = B7FBE4C22CFF446300F6D896 /* FirebaseAppCheck */; };
		B7FBE4C52CFF446300F6D896 /* FirebaseAppDistribution-Beta in Frameworks */ = {isa = PBXBuildFile; productRef = B7FBE4C42CFF446300F6D896 /* FirebaseAppDistribution-Beta */; };
		B7FBE4C72CFF446300F6D896 /* FirebaseAuth in Frameworks */ = {isa = PBXBuildFile; productRef = B7FBE4C62CFF446300F6D896 /* FirebaseAuth */; };
		B7FBE4C92CFF446300F6D896 /* FirebaseAuthCombine-Community in Frameworks */ = {isa = PBXBuildFile; productRef = B7FBE4C82CFF446300F6D896 /* FirebaseAuthCombine-Community */; };
		B7FBE4CB2CFF446300F6D896 /* FirebaseCore in Frameworks */ = {isa = PBXBuildFile; productRef = B7FBE4CA2CFF446300F6D896 /* FirebaseCore */; };
		B7FBE4CD2CFF446300F6D896 /* FirebaseCrashlytics in Frameworks */ = {isa = PBXBuildFile; productRef = B7FBE4CC2CFF446300F6D896 /* FirebaseCrashlytics */; };
		B7FBE4CF2CFF446300F6D896 /* FirebaseDatabase in Frameworks */ = {isa = PBXBuildFile; productRef = B7FBE4CE2CFF446300F6D896 /* FirebaseDatabase */; };
		B7FBE4D12CFF446300F6D896 /* FirebaseDynamicLinks in Frameworks */ = {isa = PBXBuildFile; productRef = B7FBE4D02CFF446300F6D896 /* FirebaseDynamicLinks */; };
		B7FBE4D32CFF446300F6D896 /* FirebaseFirestore in Frameworks */ = {isa = PBXBuildFile; productRef = B7FBE4D22CFF446300F6D896 /* FirebaseFirestore */; };
		B7FBE4D52CFF446300F6D896 /* FirebaseFirestoreCombine-Community in Frameworks */ = {isa = PBXBuildFile; productRef = B7FBE4D42CFF446300F6D896 /* FirebaseFirestoreCombine-Community */; };
		B7FBE4D72CFF446300F6D896 /* FirebaseFunctions in Frameworks */ = {isa = PBXBuildFile; productRef = B7FBE4D62CFF446300F6D896 /* FirebaseFunctions */; };
/* End PBXBuildFile section */

/* Begin PBXFileReference section */
		B7130C322D109D9C007BF8D6 /* Media.xcassets */ = {isa = PBXFileReference; lastKnownFileType = folder.assetcatalog; path = Media.xcassets; sourceTree = "<group>"; };
		B7130C372D10A106007BF8D6 /* Nunito-ExtraLight.ttf */ = {isa = PBXFileReference; lastKnownFileType = file; path = "Nunito-ExtraLight.ttf"; sourceTree = "<group>"; };
		B7130C382D10A106007BF8D6 /* Nunito-Bold.ttf */ = {isa = PBXFileReference; lastKnownFileType = file; path = "Nunito-Bold.ttf"; sourceTree = "<group>"; };
		B7130C392D10A106007BF8D6 /* Nunito-ExtraBold.ttf */ = {isa = PBXFileReference; lastKnownFileType = file; path = "Nunito-ExtraBold.ttf"; sourceTree = "<group>"; };
		B7130C3A2D10A106007BF8D6 /* Nunito-MediumItalic.ttf */ = {isa = PBXFileReference; lastKnownFileType = file; path = "Nunito-MediumItalic.ttf"; sourceTree = "<group>"; };
		B7130C3B2D10A106007BF8D6 /* Nunito-BlackItalic.ttf */ = {isa = PBXFileReference; lastKnownFileType = file; path = "Nunito-BlackItalic.ttf"; sourceTree = "<group>"; };
		B7130C3C2D10A106007BF8D6 /* Nunito-ExtraBoldItalic.ttf */ = {isa = PBXFileReference; lastKnownFileType = file; path = "Nunito-ExtraBoldItalic.ttf"; sourceTree = "<group>"; };
		B7130C3D2D10A106007BF8D6 /* Nunito-Medium.ttf */ = {isa = PBXFileReference; lastKnownFileType = file; path = "Nunito-Medium.ttf"; sourceTree = "<group>"; };
		B7130C3E2D10A106007BF8D6 /* Nunito-SemiBold.ttf */ = {isa = PBXFileReference; lastKnownFileType = file; path = "Nunito-SemiBold.ttf"; sourceTree = "<group>"; };
		B7130C3F2D10A106007BF8D6 /* Nunito-Black.ttf */ = {isa = PBXFileReference; lastKnownFileType = file; path = "Nunito-Black.ttf"; sourceTree = "<group>"; };
		B7130C402D10A107007BF8D6 /* Nunito-Italic.ttf */ = {isa = PBXFileReference; lastKnownFileType = file; path = "Nunito-Italic.ttf"; sourceTree = "<group>"; };
		B7130C412D10A107007BF8D6 /* Nunito-ExtraLightItalic.ttf */ = {isa = PBXFileReference; lastKnownFileType = file; path = "Nunito-ExtraLightItalic.ttf"; sourceTree = "<group>"; };
		B7130C422D10A107007BF8D6 /* Nunito-SemiBoldItalic.ttf */ = {isa = PBXFileReference; lastKnownFileType = file; path = "Nunito-SemiBoldItalic.ttf"; sourceTree = "<group>"; };
		B7130C432D10A107007BF8D6 /* Nunito-LightItalic.ttf */ = {isa = PBXFileReference; lastKnownFileType = file; path = "Nunito-LightItalic.ttf"; sourceTree = "<group>"; };
		B7130C442D10A107007BF8D6 /* Nunito-Light.ttf */ = {isa = PBXFileReference; lastKnownFileType = file; path = "Nunito-Light.ttf"; sourceTree = "<group>"; };
		B7130C452D10A107007BF8D6 /* Nunito-Regular.ttf */ = {isa = PBXFileReference; lastKnownFileType = file; path = "Nunito-Regular.ttf"; sourceTree = "<group>"; };
		B7130C462D10A107007BF8D6 /* Nunito-BoldItalic.ttf */ = {isa = PBXFileReference; lastKnownFileType = file; path = "Nunito-BoldItalic.ttf"; sourceTree = "<group>"; };
		B7318E112CFB58310065AC82 /* LoginView.swift */ = {isa = PBXFileReference; lastKnownFileType = sourcecode.swift; path = LoginView.swift; sourceTree = "<group>"; };
		B7318E142CFB59530065AC82 /* Usuario.swift */ = {isa = PBXFileReference; lastKnownFileType = sourcecode.swift; path = Usuario.swift; sourceTree = "<group>"; };
		B7CC32672CFB6077003A0D31 /* RegisterView.swift */ = {isa = PBXFileReference; lastKnownFileType = sourcecode.swift; path = RegisterView.swift; sourceTree = "<group>"; };
		B7CC326A2CFB6139003A0D31 /* UsuarioManager.swift */ = {isa = PBXFileReference; lastKnownFileType = sourcecode.swift; path = UsuarioManager.swift; sourceTree = "<group>"; };
		B7CC326C2CFB64E2003A0D31 /* HomeView.swift */ = {isa = PBXFileReference; lastKnownFileType = sourcecode.swift; path = HomeView.swift; sourceTree = "<group>"; };
		B7CC326E2CFB6CF7003A0D31 /* Note.swift */ = {isa = PBXFileReference; lastKnownFileType = sourcecode.swift; path = Note.swift; sourceTree = "<group>"; };
		B7CC327A2CFB714F003A0D31 /* NoteDetailView.swift */ = {isa = PBXFileReference; lastKnownFileType = sourcecode.swift; path = NoteDetailView.swift; sourceTree = "<group>"; };
		B7CC327C2CFB7165003A0D31 /* NoteListView.swift */ = {isa = PBXFileReference; lastKnownFileType = sourcecode.swift; path = NoteListView.swift; sourceTree = "<group>"; };
		B7E629132CFB9EFF00886BE9 /* UpdatePassword.swift */ = {isa = PBXFileReference; lastKnownFileType = sourcecode.swift; path = UpdatePassword.swift; sourceTree = "<group>"; };
		B7EA1C812CFB500100F1D4B3 /* SecurityVehicle.app */ = {isa = PBXFileReference; explicitFileType = wrapper.application; includeInIndex = 0; path = SecurityVehicle.app; sourceTree = BUILT_PRODUCTS_DIR; };
		B7EA1C842CFB500100F1D4B3 /* SecurityVehicleApp.swift */ = {isa = PBXFileReference; lastKnownFileType = sourcecode.swift; path = SecurityVehicleApp.swift; sourceTree = "<group>"; };
		B7EA1C862CFB500100F1D4B3 /* ContentView.swift */ = {isa = PBXFileReference; lastKnownFileType = sourcecode.swift; path = ContentView.swift; sourceTree = "<group>"; };
		B7EA1C882CFB500200F1D4B3 /* Assets.xcassets */ = {isa = PBXFileReference; lastKnownFileType = folder.assetcatalog; path = Assets.xcassets; sourceTree = "<group>"; };
		B7EA1C8B2CFB500200F1D4B3 /* Preview Assets.xcassets */ = {isa = PBXFileReference; lastKnownFileType = folder.assetcatalog; path = "Preview Assets.xcassets"; sourceTree = "<group>"; };
		B7FBE4B92CFF421A00F6D896 /* GoogleService-Info.plist */ = {isa = PBXFileReference; fileEncoding = 4; lastKnownFileType = text.plist.xml; path = "GoogleService-Info.plist"; sourceTree = "<group>"; };
/* End PBXFileReference section */

/* Begin PBXFrameworksBuildPhase section */
		B7EA1C7E2CFB500100F1D4B3 /* Frameworks */ = {
			isa = PBXFrameworksBuildPhase;
			buildActionMask = 2147483647;
			files = (
				B7FBE4D52CFF446300F6D896 /* FirebaseFirestoreCombine-Community in Frameworks */,
				B7FBE4D72CFF446300F6D896 /* FirebaseFunctions in Frameworks */,
				B7FBE4CF2CFF446300F6D896 /* FirebaseDatabase in Frameworks */,
				B7FBE4D12CFF446300F6D896 /* FirebaseDynamicLinks in Frameworks */,
				B7FBE4C32CFF446300F6D896 /* FirebaseAppCheck in Frameworks */,
				B7FBE4C72CFF446300F6D896 /* FirebaseAuth in Frameworks */,
				B7FBE4BD2CFF446300F6D896 /* FirebaseAnalytics in Frameworks */,
				B7FBE4D32CFF446300F6D896 /* FirebaseFirestore in Frameworks */,
				B7FBE4C52CFF446300F6D896 /* FirebaseAppDistribution-Beta in Frameworks */,
				B7FBE4C12CFF446300F6D896 /* FirebaseAnalyticsWithoutAdIdSupport in Frameworks */,
				B7FBE4C92CFF446300F6D896 /* FirebaseAuthCombine-Community in Frameworks */,
				B7FBE4CD2CFF446300F6D896 /* FirebaseCrashlytics in Frameworks */,
				B7FBE4CB2CFF446300F6D896 /* FirebaseCore in Frameworks */,
				B7FBE4BF2CFF446300F6D896 /* FirebaseAnalyticsOnDeviceConversion in Frameworks */,
			);
			runOnlyForDeploymentPostprocessing = 0;
		};
/* End PBXFrameworksBuildPhase section */

/* Begin PBXGroup section */
		B7130C362D10A0EF007BF8D6 /* NunitoFont */ = {
			isa = PBXGroup;
			children = (
				B7130C3F2D10A106007BF8D6 /* Nunito-Black.ttf */,
				B7130C3B2D10A106007BF8D6 /* Nunito-BlackItalic.ttf */,
				B7130C382D10A106007BF8D6 /* Nunito-Bold.ttf */,
				B7130C462D10A107007BF8D6 /* Nunito-BoldItalic.ttf */,
				B7130C392D10A106007BF8D6 /* Nunito-ExtraBold.ttf */,
				B7130C3C2D10A106007BF8D6 /* Nunito-ExtraBoldItalic.ttf */,
				B7130C372D10A106007BF8D6 /* Nunito-ExtraLight.ttf */,
				B7130C412D10A107007BF8D6 /* Nunito-ExtraLightItalic.ttf */,
				B7130C402D10A107007BF8D6 /* Nunito-Italic.ttf */,
				B7130C442D10A107007BF8D6 /* Nunito-Light.ttf */,
				B7130C432D10A107007BF8D6 /* Nunito-LightItalic.ttf */,
				B7130C3D2D10A106007BF8D6 /* Nunito-Medium.ttf */,
				B7130C3A2D10A106007BF8D6 /* Nunito-MediumItalic.ttf */,
				B7130C452D10A107007BF8D6 /* Nunito-Regular.ttf */,
				B7130C3E2D10A106007BF8D6 /* Nunito-SemiBold.ttf */,
				B7130C422D10A107007BF8D6 /* Nunito-SemiBoldItalic.ttf */,
			);
			path = NunitoFont;
			sourceTree = "<group>";
		};
		B7318E102CFB581D0065AC82 /* Views */ = {
			isa = PBXGroup;
			children = (
				B7318E112CFB58310065AC82 /* LoginView.swift */,
				B7CC32672CFB6077003A0D31 /* RegisterView.swift */,
				B7CC326C2CFB64E2003A0D31 /* HomeView.swift */,
				B7CC327A2CFB714F003A0D31 /* NoteDetailView.swift */,
				B7CC327C2CFB7165003A0D31 /* NoteListView.swift */,
				B7E629132CFB9EFF00886BE9 /* UpdatePassword.swift */,
			);
			path = Views;
			sourceTree = "<group>";
		};
		B7318E132CFB59050065AC82 /* Model */ = {
			isa = PBXGroup;
			children = (
				B7318E142CFB59530065AC82 /* Usuario.swift */,
				B7CC326E2CFB6CF7003A0D31 /* Note.swift */,
			);
			path = Model;
			sourceTree = "<group>";
		};
		B7CC32692CFB6100003A0D31 /* Helpers */ = {
			isa = PBXGroup;
			children = (
				B7CC326A2CFB6139003A0D31 /* UsuarioManager.swift */,
			);
			path = Helpers;
			sourceTree = "<group>";
		};
		B7EA1C782CFB500100F1D4B3 = {
			isa = PBXGroup;
			children = (
				B7130C362D10A0EF007BF8D6 /* NunitoFont */,
				B7130C322D109D9C007BF8D6 /* Media.xcassets */,
				B7FBE4B92CFF421A00F6D896 /* GoogleService-Info.plist */,
				B7CC32692CFB6100003A0D31 /* Helpers */,
				B7318E132CFB59050065AC82 /* Model */,
				B7318E102CFB581D0065AC82 /* Views */,
				B7EA1C832CFB500100F1D4B3 /* SecurityVehicle */,
				B7EA1C822CFB500100F1D4B3 /* Products */,
			);
			sourceTree = "<group>";
		};
		B7EA1C822CFB500100F1D4B3 /* Products */ = {
			isa = PBXGroup;
			children = (
				B7EA1C812CFB500100F1D4B3 /* SecurityVehicle.app */,
			);
			name = Products;
			sourceTree = "<group>";
		};
		B7EA1C832CFB500100F1D4B3 /* SecurityVehicle */ = {
			isa = PBXGroup;
			children = (
				B7EA1C842CFB500100F1D4B3 /* SecurityVehicleApp.swift */,
				B7EA1C862CFB500100F1D4B3 /* ContentView.swift */,
				B7EA1C882CFB500200F1D4B3 /* Assets.xcassets */,
				B7EA1C8A2CFB500200F1D4B3 /* Preview Content */,
			);
			path = SecurityVehicle;
			sourceTree = "<group>";
		};
		B7EA1C8A2CFB500200F1D4B3 /* Preview Content */ = {
			isa = PBXGroup;
			children = (
				B7EA1C8B2CFB500200F1D4B3 /* Preview Assets.xcassets */,
			);
			path = "Preview Content";
			sourceTree = "<group>";
		};
/* End PBXGroup section */

/* Begin PBXNativeTarget section */
		B7EA1C802CFB500100F1D4B3 /* SecurityVehicle */ = {
			isa = PBXNativeTarget;
			buildConfigurationList = B7EA1C8F2CFB500200F1D4B3 /* Build configuration list for PBXNativeTarget "SecurityVehicle" */;
			buildPhases = (
				B7EA1C7D2CFB500100F1D4B3 /* Sources */,
				B7EA1C7E2CFB500100F1D4B3 /* Frameworks */,
				B7EA1C7F2CFB500100F1D4B3 /* Resources */,
			);
			buildRules = (
			);
			dependencies = (
			);
			name = SecurityVehicle;
			packageProductDependencies = (
				B7FBE4BC2CFF446300F6D896 /* FirebaseAnalytics */,
				B7FBE4BE2CFF446300F6D896 /* FirebaseAnalyticsOnDeviceConversion */,
				B7FBE4C02CFF446300F6D896 /* FirebaseAnalyticsWithoutAdIdSupport */,
				B7FBE4C22CFF446300F6D896 /* FirebaseAppCheck */,
				B7FBE4C42CFF446300F6D896 /* FirebaseAppDistribution-Beta */,
				B7FBE4C62CFF446300F6D896 /* FirebaseAuth */,
				B7FBE4C82CFF446300F6D896 /* FirebaseAuthCombine-Community */,
				B7FBE4CA2CFF446300F6D896 /* FirebaseCore */,
				B7FBE4CC2CFF446300F6D896 /* FirebaseCrashlytics */,
				B7FBE4CE2CFF446300F6D896 /* FirebaseDatabase */,
				B7FBE4D02CFF446300F6D896 /* FirebaseDynamicLinks */,
				B7FBE4D22CFF446300F6D896 /* FirebaseFirestore */,
				B7FBE4D42CFF446300F6D896 /* FirebaseFirestoreCombine-Community */,
				B7FBE4D62CFF446300F6D896 /* FirebaseFunctions */,
			);
			productName = SecurityVehicle;
			productReference = B7EA1C812CFB500100F1D4B3 /* SecurityVehicle.app */;
			productType = "com.apple.product-type.application";
		};
/* End PBXNativeTarget section */

/* Begin PBXProject section */
		B7EA1C792CFB500100F1D4B3 /* Project object */ = {
			isa = PBXProject;
			attributes = {
				BuildIndependentTargetsInParallel = 1;
				LastSwiftUpdateCheck = 1520;
				LastUpgradeCheck = 1520;
				TargetAttributes = {
					B7EA1C802CFB500100F1D4B3 = {
						CreatedOnToolsVersion = 15.2;
					};
				};
			};
			buildConfigurationList = B7EA1C7C2CFB500100F1D4B3 /* Build configuration list for PBXProject "SecurityVehicle" */;
			compatibilityVersion = "Xcode 14.0";
			developmentRegion = en;
			hasScannedForEncodings = 0;
			knownRegions = (
				en,
				Base,
			);
			mainGroup = B7EA1C782CFB500100F1D4B3;
			packageReferences = (
				B7FBE4BB2CFF446300F6D896 /* XCRemoteSwiftPackageReference "firebase-ios-sdk" */,
			);
			productRefGroup = B7EA1C822CFB500100F1D4B3 /* Products */;
			projectDirPath = "";
			projectRoot = "";
			targets = (
				B7EA1C802CFB500100F1D4B3 /* SecurityVehicle */,
			);
		};
/* End PBXProject section */

/* Begin PBXResourcesBuildPhase section */
		B7EA1C7F2CFB500100F1D4B3 /* Resources */ = {
			isa = PBXResourcesBuildPhase;
			buildActionMask = 2147483647;
			files = (
				B7130C4E2D10A107007BF8D6 /* Nunito-SemiBold.ttf in Resources */,
				B7130C512D10A107007BF8D6 /* Nunito-ExtraLightItalic.ttf in Resources */,
				B7130C542D10A107007BF8D6 /* Nunito-Light.ttf in Resources */,
				B7130C552D10A107007BF8D6 /* Nunito-Regular.ttf in Resources */,
				B7EA1C8C2CFB500200F1D4B3 /* Preview Assets.xcassets in Resources */,
				B7130C532D10A107007BF8D6 /* Nunito-LightItalic.ttf in Resources */,
				B7130C562D10A107007BF8D6 /* Nunito-BoldItalic.ttf in Resources */,
				B7130C4D2D10A107007BF8D6 /* Nunito-Medium.ttf in Resources */,
				B7130C522D10A107007BF8D6 /* Nunito-SemiBoldItalic.ttf in Resources */,
				B7130C4C2D10A107007BF8D6 /* Nunito-ExtraBoldItalic.ttf in Resources */,
				B7130C4B2D10A107007BF8D6 /* Nunito-BlackItalic.ttf in Resources */,
				B7130C502D10A107007BF8D6 /* Nunito-Italic.ttf in Resources */,
				B7EA1C892CFB500200F1D4B3 /* Assets.xcassets in Resources */,
				B7130C332D109D9C007BF8D6 /* Media.xcassets in Resources */,
				B7FBE4BA2CFF421A00F6D896 /* GoogleService-Info.plist in Resources */,
				B7130C4A2D10A107007BF8D6 /* Nunito-MediumItalic.ttf in Resources */,
				B7130C4F2D10A107007BF8D6 /* Nunito-Black.ttf in Resources */,
				B7130C482D10A107007BF8D6 /* Nunito-Bold.ttf in Resources */,
				B7130C472D10A107007BF8D6 /* Nunito-ExtraLight.ttf in Resources */,
				B7130C492D10A107007BF8D6 /* Nunito-ExtraBold.ttf in Resources */,
			);
			runOnlyForDeploymentPostprocessing = 0;
		};
/* End PBXResourcesBuildPhase section */

/* Begin PBXSourcesBuildPhase section */
		B7EA1C7D2CFB500100F1D4B3 /* Sources */ = {
			isa = PBXSourcesBuildPhase;
			buildActionMask = 2147483647;
			files = (
				B7CC327B2CFB714F003A0D31 /* NoteDetailView.swift in Sources */,
				B7318E152CFB59530065AC82 /* Usuario.swift in Sources */,
				B7CC327D2CFB7165003A0D31 /* NoteListView.swift in Sources */,
				B7CC326D2CFB64E2003A0D31 /* HomeView.swift in Sources */,
				B7CC32682CFB6077003A0D31 /* RegisterView.swift in Sources */,
				B7CC326F2CFB6CF7003A0D31 /* Note.swift in Sources */,
				B7CC326B2CFB6139003A0D31 /* UsuarioManager.swift in Sources */,
				B7318E122CFB58310065AC82 /* LoginView.swift in Sources */,
				B7E629142CFB9EFF00886BE9 /* UpdatePassword.swift in Sources */,
				B7EA1C872CFB500100F1D4B3 /* ContentView.swift in Sources */,
				B7EA1C852CFB500100F1D4B3 /* SecurityVehicleApp.swift in Sources */,
			);
			runOnlyForDeploymentPostprocessing = 0;
		};
/* End PBXSourcesBuildPhase section */

/* Begin XCBuildConfiguration section */
		B7EA1C8D2CFB500200F1D4B3 /* Debug */ = {
			isa = XCBuildConfiguration;
			buildSettings = {
				ALWAYS_SEARCH_USER_PATHS = NO;
				ASSETCATALOG_COMPILER_GENERATE_SWIFT_ASSET_SYMBOL_EXTENSIONS = YES;
				CLANG_ANALYZER_NONNULL = YES;
				CLANG_ANALYZER_NUMBER_OBJECT_CONVERSION = YES_AGGRESSIVE;
				CLANG_CXX_LANGUAGE_STANDARD = "gnu++20";
				CLANG_ENABLE_MODULES = YES;
				CLANG_ENABLE_OBJC_ARC = YES;
				CLANG_ENABLE_OBJC_WEAK = YES;
				CLANG_WARN_BLOCK_CAPTURE_AUTORELEASING = YES;
				CLANG_WARN_BOOL_CONVERSION = YES;
				CLANG_WARN_COMMA = YES;
				CLANG_WARN_CONSTANT_CONVERSION = YES;
				CLANG_WARN_DEPRECATED_OBJC_IMPLEMENTATIONS = YES;
				CLANG_WARN_DIRECT_OBJC_ISA_USAGE = YES_ERROR;
				CLANG_WARN_DOCUMENTATION_COMMENTS = YES;
				CLANG_WARN_EMPTY_BODY = YES;
				CLANG_WARN_ENUM_CONVERSION = YES;
				CLANG_WARN_INFINITE_RECURSION = YES;
				CLANG_WARN_INT_CONVERSION = YES;
				CLANG_WARN_NON_LITERAL_NULL_CONVERSION = YES;
				CLANG_WARN_OBJC_IMPLICIT_RETAIN_SELF = YES;
				CLANG_WARN_OBJC_LITERAL_CONVERSION = YES;
				CLANG_WARN_OBJC_ROOT_CLASS = YES_ERROR;
				CLANG_WARN_QUOTED_INCLUDE_IN_FRAMEWORK_HEADER = YES;
				CLANG_WARN_RANGE_LOOP_ANALYSIS = YES;
				CLANG_WARN_STRICT_PROTOTYPES = YES;
				CLANG_WARN_SUSPICIOUS_MOVE = YES;
				CLANG_WARN_UNGUARDED_AVAILABILITY = YES_AGGRESSIVE;
				CLANG_WARN_UNREACHABLE_CODE = YES;
				CLANG_WARN__DUPLICATE_METHOD_MATCH = YES;
				COPY_PHASE_STRIP = NO;
				DEBUG_INFORMATION_FORMAT = dwarf;
				ENABLE_STRICT_OBJC_MSGSEND = YES;
				ENABLE_TESTABILITY = YES;
				ENABLE_USER_SCRIPT_SANDBOXING = YES;
				GCC_C_LANGUAGE_STANDARD = gnu17;
				GCC_DYNAMIC_NO_PIC = NO;
				GCC_NO_COMMON_BLOCKS = YES;
				GCC_OPTIMIZATION_LEVEL = 0;
				GCC_PREPROCESSOR_DEFINITIONS = (
					"DEBUG=1",
					"$(inherited)",
				);
				GCC_WARN_64_TO_32_BIT_CONVERSION = YES;
				GCC_WARN_ABOUT_RETURN_TYPE = YES_ERROR;
				GCC_WARN_UNDECLARED_SELECTOR = YES;
				GCC_WARN_UNINITIALIZED_AUTOS = YES_AGGRESSIVE;
				GCC_WARN_UNUSED_FUNCTION = YES;
				GCC_WARN_UNUSED_VARIABLE = YES;
				IPHONEOS_DEPLOYMENT_TARGET = 17.2;
				LOCALIZATION_PREFERS_STRING_CATALOGS = YES;
				MTL_ENABLE_DEBUG_INFO = INCLUDE_SOURCE;
				MTL_FAST_MATH = YES;
				ONLY_ACTIVE_ARCH = YES;
				SDKROOT = iphoneos;
				SWIFT_ACTIVE_COMPILATION_CONDITIONS = "DEBUG $(inherited)";
				SWIFT_OPTIMIZATION_LEVEL = "-Onone";
			};
			name = Debug;
		};
		B7EA1C8E2CFB500200F1D4B3 /* Release */ = {
			isa = XCBuildConfiguration;
			buildSettings = {
				ALWAYS_SEARCH_USER_PATHS = NO;
				ASSETCATALOG_COMPILER_GENERATE_SWIFT_ASSET_SYMBOL_EXTENSIONS = YES;
				CLANG_ANALYZER_NONNULL = YES;
				CLANG_ANALYZER_NUMBER_OBJECT_CONVERSION = YES_AGGRESSIVE;
				CLANG_CXX_LANGUAGE_STANDARD = "gnu++20";
				CLANG_ENABLE_MODULES = YES;
				CLANG_ENABLE_OBJC_ARC = YES;
				CLANG_ENABLE_OBJC_WEAK = YES;
				CLANG_WARN_BLOCK_CAPTURE_AUTORELEASING = YES;
				CLANG_WARN_BOOL_CONVERSION = YES;
				CLANG_WARN_COMMA = YES;
				CLANG_WARN_CONSTANT_CONVERSION = YES;
				CLANG_WARN_DEPRECATED_OBJC_IMPLEMENTATIONS = YES;
				CLANG_WARN_DIRECT_OBJC_ISA_USAGE = YES_ERROR;
				CLANG_WARN_DOCUMENTATION_COMMENTS = YES;
				CLANG_WARN_EMPTY_BODY = YES;
				CLANG_WARN_ENUM_CONVERSION = YES;
				CLANG_WARN_INFINITE_RECURSION = YES;
				CLANG_WARN_INT_CONVERSION = YES;
				CLANG_WARN_NON_LITERAL_NULL_CONVERSION = YES;
				CLANG_WARN_OBJC_IMPLICIT_RETAIN_SELF = YES;
				CLANG_WARN_OBJC_LITERAL_CONVERSION = YES;
				CLANG_WARN_OBJC_ROOT_CLASS = YES_ERROR;
				CLANG_WARN_QUOTED_INCLUDE_IN_FRAMEWORK_HEADER = YES;
				CLANG_WARN_RANGE_LOOP_ANALYSIS = YES;
				CLANG_WARN_STRICT_PROTOTYPES = YES;
				CLANG_WARN_SUSPICIOUS_MOVE = YES;
				CLANG_WARN_UNGUARDED_AVAILABILITY = YES_AGGRESSIVE;
				CLANG_WARN_UNREACHABLE_CODE = YES;
				CLANG_WARN__DUPLICATE_METHOD_MATCH = YES;
				COPY_PHASE_STRIP = NO;
				DEBUG_INFORMATION_FORMAT = "dwarf-with-dsym";
				ENABLE_NS_ASSERTIONS = NO;
				ENABLE_STRICT_OBJC_MSGSEND = YES;
				ENABLE_USER_SCRIPT_SANDBOXING = YES;
				GCC_C_LANGUAGE_STANDARD = gnu17;
				GCC_NO_COMMON_BLOCKS = YES;
				GCC_WARN_64_TO_32_BIT_CONVERSION = YES;
				GCC_WARN_ABOUT_RETURN_TYPE = YES_ERROR;
				GCC_WARN_UNDECLARED_SELECTOR = YES;
				GCC_WARN_UNINITIALIZED_AUTOS = YES_AGGRESSIVE;
				GCC_WARN_UNUSED_FUNCTION = YES;
				GCC_WARN_UNUSED_VARIABLE = YES;
				IPHONEOS_DEPLOYMENT_TARGET = 17.2;
				LOCALIZATION_PREFERS_STRING_CATALOGS = YES;
				MTL_ENABLE_DEBUG_INFO = NO;
				MTL_FAST_MATH = YES;
				SDKROOT = iphoneos;
				SWIFT_COMPILATION_MODE = wholemodule;
				VALIDATE_PRODUCT = YES;
			};
			name = Release;
		};
		B7EA1C902CFB500200F1D4B3 /* Debug */ = {
			isa = XCBuildConfiguration;
			buildSettings = {
				ASSETCATALOG_COMPILER_APPICON_NAME = AppIcon;
				ASSETCATALOG_COMPILER_GLOBAL_ACCENT_COLOR_NAME = AccentColor;
				CODE_SIGN_STYLE = Automatic;
				CURRENT_PROJECT_VERSION = 1;
				DEVELOPMENT_ASSET_PATHS = "\"SecurityVehicle/Preview Content\"";
				ENABLE_PREVIEWS = YES;
				GENERATE_INFOPLIST_FILE = YES;
				INFOPLIST_KEY_UIApplicationSceneManifest_Generation = YES;
				INFOPLIST_KEY_UIApplicationSupportsIndirectInputEvents = YES;
				INFOPLIST_KEY_UILaunchScreen_Generation = YES;
				INFOPLIST_KEY_UISupportedInterfaceOrientations_iPad = "UIInterfaceOrientationPortrait UIInterfaceOrientationPortraitUpsideDown UIInterfaceOrientationLandscapeLeft UIInterfaceOrientationLandscapeRight";
				INFOPLIST_KEY_UISupportedInterfaceOrientations_iPhone = "UIInterfaceOrientationPortrait UIInterfaceOrientationLandscapeLeft UIInterfaceOrientationLandscapeRight";
				LD_RUNPATH_SEARCH_PATHS = (
					"$(inherited)",
					"@executable_path/Frameworks",
				);
				MARKETING_VERSION = 1.0;
				PRODUCT_BUNDLE_IDENTIFIER = pe.edu.cibertec.SecurityVehicle;
				PRODUCT_NAME = "$(TARGET_NAME)";
				SWIFT_EMIT_LOC_STRINGS = YES;
				SWIFT_VERSION = 5.0;
				TARGETED_DEVICE_FAMILY = "1,2";
			};
			name = Debug;
		};
		B7EA1C912CFB500200F1D4B3 /* Release */ = {
			isa = XCBuildConfiguration;
			buildSettings = {
				ASSETCATALOG_COMPILER_APPICON_NAME = AppIcon;
				ASSETCATALOG_COMPILER_GLOBAL_ACCENT_COLOR_NAME = AccentColor;
				CODE_SIGN_STYLE = Automatic;
				CURRENT_PROJECT_VERSION = 1;
				DEVELOPMENT_ASSET_PATHS = "\"SecurityVehicle/Preview Content\"";
				ENABLE_PREVIEWS = YES;
				GENERATE_INFOPLIST_FILE = YES;
				INFOPLIST_KEY_UIApplicationSceneManifest_Generation = YES;
				INFOPLIST_KEY_UIApplicationSupportsIndirectInputEvents = YES;
				INFOPLIST_KEY_UILaunchScreen_Generation = YES;
				INFOPLIST_KEY_UISupportedInterfaceOrientations_iPad = "UIInterfaceOrientationPortrait UIInterfaceOrientationPortraitUpsideDown UIInterfaceOrientationLandscapeLeft UIInterfaceOrientationLandscapeRight";
				INFOPLIST_KEY_UISupportedInterfaceOrientations_iPhone = "UIInterfaceOrientationPortrait UIInterfaceOrientationLandscapeLeft UIInterfaceOrientationLandscapeRight";
				LD_RUNPATH_SEARCH_PATHS = (
					"$(inherited)",
					"@executable_path/Frameworks",
				);
				MARKETING_VERSION = 1.0;
				PRODUCT_BUNDLE_IDENTIFIER = pe.edu.cibertec.SecurityVehicle;
				PRODUCT_NAME = "$(TARGET_NAME)";
				SWIFT_EMIT_LOC_STRINGS = YES;
				SWIFT_VERSION = 5.0;
				TARGETED_DEVICE_FAMILY = "1,2";
			};
			name = Release;
		};
/* End XCBuildConfiguration section */

/* Begin XCConfigurationList section */
		B7EA1C7C2CFB500100F1D4B3 /* Build configuration list for PBXProject "SecurityVehicle" */ = {
			isa = XCConfigurationList;
			buildConfigurations = (
				B7EA1C8D2CFB500200F1D4B3 /* Debug */,
				B7EA1C8E2CFB500200F1D4B3 /* Release */,
			);
			defaultConfigurationIsVisible = 0;
			defaultConfigurationName = Release;
		};
		B7EA1C8F2CFB500200F1D4B3 /* Build configuration list for PBXNativeTarget "SecurityVehicle" */ = {
			isa = XCConfigurationList;
			buildConfigurations = (
				B7EA1C902CFB500200F1D4B3 /* Debug */,
				B7EA1C912CFB500200F1D4B3 /* Release */,
			);
			defaultConfigurationIsVisible = 0;
			defaultConfigurationName = Release;
		};
/* End XCConfigurationList section */

/* Begin XCRemoteSwiftPackageReference section */
		B7FBE4BB2CFF446300F6D896 /* XCRemoteSwiftPackageReference "firebase-ios-sdk" */ = {
			isa = XCRemoteSwiftPackageReference;
			repositoryURL = "https://github.com/firebase/firebase-ios-sdk";
			requirement = {
				kind = upToNextMajorVersion;
				minimumVersion = 11.5.0;
			};
		};
/* End XCRemoteSwiftPackageReference section */

/* Begin XCSwiftPackageProductDependency section */
		B7FBE4BC2CFF446300F6D896 /* FirebaseAnalytics */ = {
			isa = XCSwiftPackageProductDependency;
			package = B7FBE4BB2CFF446300F6D896 /* XCRemoteSwiftPackageReference "firebase-ios-sdk" */;
			productName = FirebaseAnalytics;
		};
		B7FBE4BE2CFF446300F6D896 /* FirebaseAnalyticsOnDeviceConversion */ = {
			isa = XCSwiftPackageProductDependency;
			package = B7FBE4BB2CFF446300F6D896 /* XCRemoteSwiftPackageReference "firebase-ios-sdk" */;
			productName = FirebaseAnalyticsOnDeviceConversion;
		};
		B7FBE4C02CFF446300F6D896 /* FirebaseAnalyticsWithoutAdIdSupport */ = {
			isa = XCSwiftPackageProductDependency;
			package = B7FBE4BB2CFF446300F6D896 /* XCRemoteSwiftPackageReference "firebase-ios-sdk" */;
			productName = FirebaseAnalyticsWithoutAdIdSupport;
		};
		B7FBE4C22CFF446300F6D896 /* FirebaseAppCheck */ = {
			isa = XCSwiftPackageProductDependency;
			package = B7FBE4BB2CFF446300F6D896 /* XCRemoteSwiftPackageReference "firebase-ios-sdk" */;
			productName = FirebaseAppCheck;
		};
		B7FBE4C42CFF446300F6D896 /* FirebaseAppDistribution-Beta */ = {
			isa = XCSwiftPackageProductDependency;
			package = B7FBE4BB2CFF446300F6D896 /* XCRemoteSwiftPackageReference "firebase-ios-sdk" */;
			productName = "FirebaseAppDistribution-Beta";
		};
		B7FBE4C62CFF446300F6D896 /* FirebaseAuth */ = {
			isa = XCSwiftPackageProductDependency;
			package = B7FBE4BB2CFF446300F6D896 /* XCRemoteSwiftPackageReference "firebase-ios-sdk" */;
			productName = FirebaseAuth;
		};
		B7FBE4C82CFF446300F6D896 /* FirebaseAuthCombine-Community */ = {
			isa = XCSwiftPackageProductDependency;
			package = B7FBE4BB2CFF446300F6D896 /* XCRemoteSwiftPackageReference "firebase-ios-sdk" */;
			productName = "FirebaseAuthCombine-Community";
		};
		B7FBE4CA2CFF446300F6D896 /* FirebaseCore */ = {
			isa = XCSwiftPackageProductDependency;
			package = B7FBE4BB2CFF446300F6D896 /* XCRemoteSwiftPackageReference "firebase-ios-sdk" */;
			productName = FirebaseCore;
		};
		B7FBE4CC2CFF446300F6D896 /* FirebaseCrashlytics */ = {
			isa = XCSwiftPackageProductDependency;
			package = B7FBE4BB2CFF446300F6D896 /* XCRemoteSwiftPackageReference "firebase-ios-sdk" */;
			productName = FirebaseCrashlytics;
		};
		B7FBE4CE2CFF446300F6D896 /* FirebaseDatabase */ = {
			isa = XCSwiftPackageProductDependency;
			package = B7FBE4BB2CFF446300F6D896 /* XCRemoteSwiftPackageReference "firebase-ios-sdk" */;
			productName = FirebaseDatabase;
		};
		B7FBE4D02CFF446300F6D896 /* FirebaseDynamicLinks */ = {
			isa = XCSwiftPackageProductDependency;
			package = B7FBE4BB2CFF446300F6D896 /* XCRemoteSwiftPackageReference "firebase-ios-sdk" */;
			productName = FirebaseDynamicLinks;
		};
		B7FBE4D22CFF446300F6D896 /* FirebaseFirestore */ = {
			isa = XCSwiftPackageProductDependency;
			package = B7FBE4BB2CFF446300F6D896 /* XCRemoteSwiftPackageReference "firebase-ios-sdk" */;
			productName = FirebaseFirestore;
		};
		B7FBE4D42CFF446300F6D896 /* FirebaseFirestoreCombine-Community */ = {
			isa = XCSwiftPackageProductDependency;
			package = B7FBE4BB2CFF446300F6D896 /* XCRemoteSwiftPackageReference "firebase-ios-sdk" */;
			productName = "FirebaseFirestoreCombine-Community";
		};
		B7FBE4D62CFF446300F6D896 /* FirebaseFunctions */ = {
			isa = XCSwiftPackageProductDependency;
			package = B7FBE4BB2CFF446300F6D896 /* XCRemoteSwiftPackageReference "firebase-ios-sdk" */;
			productName = FirebaseFunctions;
		};
/* End XCSwiftPackageProductDependency section */
	};
	rootObject = B7EA1C792CFB500100F1D4B3 /* Project object */;
}
